
Microsoft Visual Studio Solution File, Format Version 12.00
# Visual Studio Version 17
VisualStudioVersion = 17.7.34202.233
MinimumVisualStudioVersion = 10.0.40219.1
Project("{FAE04EC0-301F-11D3-BF4B-00C04F79EFBC}") = "lab14", "lab14\lab14.csproj", "{32D2DFC9-21A5-4319-94B7-5F85B955AB99}"
EndProject
Global
	GlobalSection(SolutionConfigurationPlatforms) = preSolution
		Debug|Any CPU = Debug|Any CPU
		Release|Any CPU = Release|Any CPU
	EndGlobalSection
	GlobalSection(ProjectConfigurationPlatforms) = postSolution
		{32D2DFC9-21A5-4319-94B7-5F85B955AB99}.Debug|Any CPU.ActiveCfg = Debug|Any CPU
		{32D2DFC9-21A5-4319-94B7-5F85B955AB99}.Debug|Any CPU.Build.0 = Debug|Any CPU
		{32D2DFC9-21A5-4319-94B7-5F85B955AB99}.Release|Any CPU.ActiveCfg = Release|Any CPU
		{32D2DFC9-21A5-4319-94B7-5F85B955AB99}.Release|Any CPU.Build.0 = Release|Any CPU
	EndGlobalSection
	GlobalSection(SolutionProperties) = preSolution
		HideSolutionNode = FALSE
	EndGlobalSection
	GlobalSection(ExtensibilityGlobals) = postSolution
		SolutionGuid = {C8B8031B-537F-4EA3-9757-63422461C63A}
	EndGlobalSection
EndGlobal
