
Microsoft Visual Studio Solution File, Format Version 12.00
# Visual Studio Version 17
VisualStudioVersion = 17.7.34202.233
MinimumVisualStudioVersion = 10.0.40219.1
Project("{FAE04EC0-301F-11D3-BF4B-00C04F79EFBC}") = "lab 8", "lab 8\lab 8.csproj", "{0362DE50-8E77-41E6-A5A0-D0C6ACBD9B0A}"
EndProject
Global
	GlobalSection(SolutionConfigurationPlatforms) = preSolution
		Debug|Any CPU = Debug|Any CPU
		Release|Any CPU = Release|Any CPU
	EndGlobalSection
	GlobalSection(ProjectConfigurationPlatforms) = postSolution
		{0362DE50-8E77-41E6-A5A0-D0C6ACBD9B0A}.Debug|Any CPU.ActiveCfg = Debug|Any CPU
		{0362DE50-8E77-41E6-A5A0-D0C6ACBD9B0A}.Debug|Any CPU.Build.0 = Debug|Any CPU
		{0362DE50-8E77-41E6-A5A0-D0C6ACBD9B0A}.Release|Any CPU.ActiveCfg = Release|Any CPU
		{0362DE50-8E77-41E6-A5A0-D0C6ACBD9B0A}.Release|Any CPU.Build.0 = Release|Any CPU
	EndGlobalSection
	GlobalSection(SolutionProperties) = preSolution
		HideSolutionNode = FALSE
	EndGlobalSection
	GlobalSection(ExtensibilityGlobals) = postSolution
		SolutionGuid = {2CC56EFB-8BA6-48D5-951C-11C2549860CC}
	EndGlobalSection
EndGlobal
