
Microsoft Visual Studio Solution File, Format Version 12.00
# Visual Studio Version 17
VisualStudioVersion = 17.7.34202.233
MinimumVisualStudioVersion = 10.0.40219.1
Project("{FAE04EC0-301F-11D3-BF4B-00C04F79EFBC}") = "lab12", "lab12\lab12.csproj", "{C26D78DC-1B7A-442D-8A1B-C4CF111581C3}"
EndProject
Global
	GlobalSection(SolutionConfigurationPlatforms) = preSolution
		Debug|Any CPU = Debug|Any CPU
		Release|Any CPU = Release|Any CPU
	EndGlobalSection
	GlobalSection(ProjectConfigurationPlatforms) = postSolution
		{C26D78DC-1B7A-442D-8A1B-C4CF111581C3}.Debug|Any CPU.ActiveCfg = Debug|Any CPU
		{C26D78DC-1B7A-442D-8A1B-C4CF111581C3}.Debug|Any CPU.Build.0 = Debug|Any CPU
		{C26D78DC-1B7A-442D-8A1B-C4CF111581C3}.Release|Any CPU.ActiveCfg = Release|Any CPU
		{C26D78DC-1B7A-442D-8A1B-C4CF111581C3}.Release|Any CPU.Build.0 = Release|Any CPU
	EndGlobalSection
	GlobalSection(SolutionProperties) = preSolution
		HideSolutionNode = FALSE
	EndGlobalSection
	GlobalSection(ExtensibilityGlobals) = postSolution
		SolutionGuid = {DF8B948D-FA5B-40B0-A292-D85626C7AF36}
	EndGlobalSection
EndGlobal
