
Microsoft Visual Studio Solution File, Format Version 12.00
# Visual Studio Version 17
VisualStudioVersion = 17.7.34202.233
MinimumVisualStudioVersion = 10.0.40219.1
Project("{FAE04EC0-301F-11D3-BF4B-00C04F79EFBC}") = "lab13", "lab13\lab13.csproj", "{FCFE8C2A-7E7B-4DAC-846C-91CA218CD344}"
EndProject
Global
	GlobalSection(SolutionConfigurationPlatforms) = preSolution
		Debug|Any CPU = Debug|Any CPU
		Release|Any CPU = Release|Any CPU
	EndGlobalSection
	GlobalSection(ProjectConfigurationPlatforms) = postSolution
		{FCFE8C2A-7E7B-4DAC-846C-91CA218CD344}.Debug|Any CPU.ActiveCfg = Debug|Any CPU
		{FCFE8C2A-7E7B-4DAC-846C-91CA218CD344}.Debug|Any CPU.Build.0 = Debug|Any CPU
		{FCFE8C2A-7E7B-4DAC-846C-91CA218CD344}.Release|Any CPU.ActiveCfg = Release|Any CPU
		{FCFE8C2A-7E7B-4DAC-846C-91CA218CD344}.Release|Any CPU.Build.0 = Release|Any CPU
	EndGlobalSection
	GlobalSection(SolutionProperties) = preSolution
		HideSolutionNode = FALSE
	EndGlobalSection
	GlobalSection(ExtensibilityGlobals) = postSolution
		SolutionGuid = {67398550-EACF-49FD-9E85-14AACC407B8A}
	EndGlobalSection
EndGlobal
